
Microsoft Visual Studio Solution File, Format Version 12.00
# Visual Studio Version 17
VisualStudioVersion = 17.9.34607.119
MinimumVisualStudioVersion = 10.0.40219.1
Project("{9A19103F-16F7-4668-BE54-9A1E7A4F7556}") = "blog_website", "blog_website\blog_website.csproj", "{DB443414-F2A1-48A6-A4E4-E540368AE3E3}"
EndProject
Project("{FAE04EC0-301F-11D3-BF4B-00C04F79EFBC}") = "TestProject1", "TestProject1\TestProject1.csproj", "{15904EAC-FE72-4C61-9853-9C7F6619EA93}"
EndProject
Global
	GlobalSection(SolutionConfigurationPlatforms) = preSolution
		Debug|Any CPU = Debug|Any CPU
		Release|Any CPU = Release|Any CPU
	EndGlobalSection
	GlobalSection(ProjectConfigurationPlatforms) = postSolution
		{DB443414-F2A1-48A6-A4E4-E540368AE3E3}.Debug|Any CPU.ActiveCfg = Debug|Any CPU
		{DB443414-F2A1-48A6-A4E4-E540368AE3E3}.Debug|Any CPU.Build.0 = Debug|Any CPU
		{DB443414-F2A1-48A6-A4E4-E540368AE3E3}.Release|Any CPU.ActiveCfg = Release|Any CPU
		{DB443414-F2A1-48A6-A4E4-E540368AE3E3}.Release|Any CPU.Build.0 = Release|Any CPU
		{15904EAC-FE72-4C61-9853-9C7F6619EA93}.Debug|Any CPU.ActiveCfg = Debug|Any CPU
		{15904EAC-FE72-4C61-9853-9C7F6619EA93}.Debug|Any CPU.Build.0 = Debug|Any CPU
		{15904EAC-FE72-4C61-9853-9C7F6619EA93}.Release|Any CPU.ActiveCfg = Release|Any CPU
		{15904EAC-FE72-4C61-9853-9C7F6619EA93}.Release|Any CPU.Build.0 = Release|Any CPU
	EndGlobalSection
	GlobalSection(SolutionProperties) = preSolution
		HideSolutionNode = FALSE
	EndGlobalSection
	GlobalSection(ExtensibilityGlobals) = postSolution
		SolutionGuid = {04E6C3DB-FFE4-4713-88B4-F0BFC9AC40D1}
	EndGlobalSection
EndGlobal
